
Microsoft Visual Studio Solution File, Format Version 12.00
Project("{FAE04EC0-301F-11D3-BF4B-00C04F79EFBC}") = "AvaloniaApplication1", "AvaloniaApplication1\AvaloniaApplication1.csproj", "{B995043C-654E-4DEB-8FB1-D6B101C943C8}"
EndProject
Global
	GlobalSection(SolutionConfigurationPlatforms) = preSolution
		Debug|Any CPU = Debug|Any CPU
		Release|Any CPU = Release|Any CPU
	EndGlobalSection
	GlobalSection(ProjectConfigurationPlatforms) = postSolution
		{B995043C-654E-4DEB-8FB1-D6B101C943C8}.Debug|Any CPU.ActiveCfg = Debug|Any CPU
		{B995043C-654E-4DEB-8FB1-D6B101C943C8}.Debug|Any CPU.Build.0 = Debug|Any CPU
		{B995043C-654E-4DEB-8FB1-D6B101C943C8}.Release|Any CPU.ActiveCfg = Release|Any CPU
		{B995043C-654E-4DEB-8FB1-D6B101C943C8}.Release|Any CPU.Build.0 = Release|Any CPU
	EndGlobalSection
EndGlobal
